{
    "_readme": [
        "This file locks the dependencies of your project to a known state",
        "Read more about it at http://getcomposer.org/doc/01-basic-usage.md#composer-lock-the-lock-file"
    ],
    "hash": "87f60ab21e3b1c50d6c73c03dcc9d717",
    "packages": [
        {
            "name": "matthiasmullie/minify",
            "version": "1.2.0",
            "source": {
                "type": "git",
                "url": "https://github.com/matthiasmullie/minify.git",
                "reference": "7f17bcfc223f554cf30a464b6abea69a9a947061"
            },
            "dist": {
                "type": "zip",
                "url": "https://api.github.com/repos/matthiasmullie/minify/zipball/7f17bcfc223f554cf30a464b6abea69a9a947061",
                "reference": "7f17bcfc223f554cf30a464b6abea69a9a947061",
                "shasum": ""
            },
            "require": {
                "ext-pcre": "*",
                "php": ">=5.3.0"
            },
            "type": "library",
            "autoload": {
                "classmap": [
                    ""
                ]
            },
            "notification-url": "https://packagist.org/downloads/",
            "license": [
                "MIT"
            ],
            "authors": [
                {
                    "name": "Matthias Mullie",
                    "email": "minify@mullie.eu",
                    "role": "Developer"
                }
            ],
            "description": "CSS & JS minifier",
            "homepage": "https://github.com/matthiasmullie/minify",
            "time": "2013-12-01 22:51:43"
        },
        {
            "name": "mrclay/minify",
            "version": "dev-master",
            "source": {
                "type": "git",
                "url": "https://github.com/mrclay/minify.git",
                "reference": "fb3931f8cd54a637b2a42170c3a9a1c4da9e69a9"
            },
            "dist": {
                "type": "zip",
                "url": "https://api.github.com/repos/mrclay/minify/zipball/fb3931f8cd54a637b2a42170c3a9a1c4da9e69a9",
                "reference": "fb3931f8cd54a637b2a42170c3a9a1c4da9e69a9",
                "shasum": ""
            },
            "require": {
                "ext-pcre": "*",
                "php": ">=5.2.1"
            },
            "type": "library",
            "autoload": {
                "classmap": [
                    "min/lib/"
                ]
            },
            "notification-url": "https://packagist.org/downloads/",
            "license": [
                "BSD-3-Clause"
            ],
            "authors": [
                {
                    "name": "Stephen Clay",
                    "email": "steve@mrclay.org",
                    "homepage": "http://www.mrclay.org/",
                    "role": "Developer"
                }
            ],
            "description": "Minify is a PHP5 app that helps you follow several rules for client-side performance. It combines multiple CSS or Javascript files, removes unnecessary whitespace and comments, and serves them with gzip encoding and optimal client-side cache headers",
            "homepage": "http://code.google.com/p/minify/",
            "time": "2014-04-03 23:53:48"
        },
        {
            "name": "usabilitydynamics/lib-api",
            "version": "master",
            "source": {
                "type": "git",
                "url": "git@github.com:UsabilityDynamics/lib-api",
                "reference": "master"
            },
            "dist": {
                "type": "zip",
                "url": "https://github.com/usabilitydynamics/lib-api/archive/master.zip",
                "reference": null,
                "shasum": null
            },
            "require": {
                "usabilitydynamics/lib-utility": "*"
            },
            "type": "library",
            "autoload": {
                "classmap": [
                    "lib"
                ]
            },
            "license": [
                "MIT"
            ],
            "time": "2014-06-03 15:01:06"
        },
        {
            "name": "usabilitydynamics/lib-settings",
            "version": "master",
            "source": {
                "type": "git",
                "url": "git@github.com:UsabilityDynamics/lib-settings",
                "reference": "master"
            },
            "dist": {
                "type": "zip",
                "url": "https://github.com/usabilitydynamics/lib-settings/archive/master.zip",
                "reference": null,
                "shasum": null
            },
            "require": {
                "usabilitydynamics/lib-utility": "*"
            },
            "require-dev": {
                "justinrainbow/json-schema": "1.1.*"
            },
            "type": "library",
            "extra": {
                "component": {
                    "scripts": [
                        "scripts/settings.js"
                    ],
                    "templates": [
                        "views/new-installation.xhtml"
                    ]
                }
            },
            "autoload": {
                "classmap": [
                    "lib"
                ]
            },
            "time": "2014-06-02 15:22:26"
        },
        {
            "name": "usabilitydynamics/lib-ui",
            "version": "master",
            "source": {
                "type": "git",
                "url": "git@github.com:UsabilityDynamics/lib-ui",
                "reference": "master"
            },
            "dist": {
                "type": "zip",
                "url": "https://github.com/usabilitydynamics/lib-ui/archive/master.zip",
                "reference": null,
                "shasum": null
            },
            "require": {
                "usabilitydynamics/lib-utility": "master"
            },
            "type": "library",
            "extra": {
                "component": {
                    "scripts": [
                        "scripts/ui.js",
                        "scripts/ui.markdown.js",
                        "scripts/ui.jquery-tabs.js"
                    ],
                    "styles": [
                        "styles/ui.css",
                        "styles/ui.less"
                    ]
                }
            },
            "autoload": {
                "classmap": [
                    "lib"
                ]
            },
            "time": "2014-06-03 13:46:45"
        },
        {
            "name": "usabilitydynamics/lib-utility",
            "version": "master",
            "source": {
                "type": "git",
                "url": "git@github.com:UsabilityDynamics/lib-utility",
                "reference": "master"
            },
            "dist": {
                "type": "zip",
                "url": "https://github.com/usabilitydynamics/lib-utility/archive/master.zip",
                "reference": null,
                "shasum": null
            },
            "require-dev": {
                "phpunit/phpunit": "4.1.*"
            },
            "type": "library",
            "extra": {
                "installer-name": "lib-utility",
                "component": {
                    "name": "utility",
                    "scripts": [
                        "scripts/*.js"
                    ]
                }
            },
            "autoload": {
                "classmap": [
                    "lib"
                ]
            },
            "time": "2014-06-25 21:24:06"
        }
    ],
    "packages-dev": [

    ],
    "aliases": [

    ],
    "minimum-stability": "dev",
    "stability-flags": [

    ],
    "platform": {
        "php": ">=5.3"
    },
    "platform-dev": [

    ]
}
